{
  "originHash" : "4ba096eeb83c78d66a62ff4a47b52ea4a36a8ab30293bce8aa975d5d94f0d5e8",
  "pins" : [
    {
      "identity" : "alertkit",
      "kind" : "remoteSourceControl",
      "location" : "https://github.com/sparrowcode/AlertKit.git",
      "state" : {
        "revision" : "3b73be8db5a7e7efaf474c6ed919f5a437d843c9",
        "version" : "5.1.9"
      }
    },
    {
      "identity" : "checkupdate",
      "kind" : "remoteSourceControl",
      "location" : "https://github.com/VladLikov/CheckUpdate.git",
      "state" : {
        "revision" : "4376a70ef421134704bd389f11523f2dc9b5aea0",
        "version" : "1.0.0"
      }
    },
    {
      "identity" : "safesfsymbols",
      "kind" : "remoteSourceControl",
      "location" : "https://github.com/sparrowcode/SafeSFSymbols.git",
      "state" : {
        "revision" : "07f11f923b53f26cf9214800f8a397a87865f3ef",
        "version" : "2.0.1"
      }
    },
    {
      "identity" : "swiftboost",
      "kind" : "remoteSourceControl",
      "location" : "https://github.com/sparrowcode/SwiftBoost",
      "state" : {
        "revision" : "5f268344d9f4489a8a04025732d43d35d210d0ab",
        "version" : "5.0.1"
      }
    }
  ],
  "version" : 3
}
