{
  "originHash" : "346dbb8166863ae079174f0168254000a450febbb7deabd1e9206e897ed541a9",
  "pins" : [
    {
      "identity" : "alertkit",
      "kind" : "remoteSourceControl",
      "location" : "https://github.com/sparrowcode/AlertKit.git",
      "state" : {
        "revision" : "3b73be8db5a7e7efaf474c6ed919f5a437d843c9",
        "version" : "5.1.9"
      }
    },
    {
      "identity" : "safesfsymbols",
      "kind" : "remoteSourceControl",
      "location" : "https://github.com/sparrowcode/SafeSFSymbols.git",
      "state" : {
        "revision" : "07f11f923b53f26cf9214800f8a397a87865f3ef",
        "version" : "2.0.1"
      }
    }
  ],
  "version" : 3
}
