{
  "originHash" : "9d82bc1fb32d36bf9f12836f63996cb7e7c66f08fe9e7a05ef42d028a8d1b054",
  "pins" : [
    {
      "identity" : "alertkit",
      "kind" : "remoteSourceControl",
      "location" : "https://github.com/sparrowcode/AlertKit.git",
      "state" : {
        "revision" : "3b73be8db5a7e7efaf474c6ed919f5a437d843c9",
        "version" : "5.1.9"
      }
    },
    {
      "identity" : "checkupdate",
      "kind" : "remoteSourceControl",
      "location" : "https://github.com/VladLikov/CheckUpdate.git",
      "state" : {
        "branch" : "main",
        "revision" : "4376a70ef421134704bd389f11523f2dc9b5aea0"
      }
    },
    {
      "identity" : "safesfsymbols",
      "kind" : "remoteSourceControl",
      "location" : "https://github.com/sparrowcode/SafeSFSymbols.git",
      "state" : {
        "revision" : "07f11f923b53f26cf9214800f8a397a87865f3ef",
        "version" : "2.0.1"
      }
    },
    {
      "identity" : "swiftboost",
      "kind" : "remoteSourceControl",
      "location" : "https://github.com/sparrowcode/SwiftBoost",
      "state" : {
        "revision" : "5f268344d9f4489a8a04025732d43d35d210d0ab",
        "version" : "5.0.1"
      }
    }
  ],
  "version" : 3
}
